
Microsoft Visual Studio Solution File, Format Version 12.00
# Visual Studio 15
VisualStudioVersion = 15.0.28307.902
MinimumVisualStudioVersion = 10.0.40219.1
Project("{FAE04EC0-301F-11D3-BF4B-00C04F79EFBC}") = "ClientAreaCapturer", "ClientAreaCapturer\ClientAreaCapturer.csproj", "{E95A4726-8832-48B5-A7D1-2279A2A84560}"
EndProject
Global
	GlobalSection(SolutionConfigurationPlatforms) = preSolution
		Debug|Any CPU = Debug|Any CPU
		Release|Any CPU = Release|Any CPU
	EndGlobalSection
	GlobalSection(ProjectConfigurationPlatforms) = postSolution
		{E95A4726-8832-48B5-A7D1-2279A2A84560}.Debug|Any CPU.ActiveCfg = Debug|Any CPU
		{E95A4726-8832-48B5-A7D1-2279A2A84560}.Debug|Any CPU.Build.0 = Debug|Any CPU
		{E95A4726-8832-48B5-A7D1-2279A2A84560}.Release|Any CPU.ActiveCfg = Release|Any CPU
		{E95A4726-8832-48B5-A7D1-2279A2A84560}.Release|Any CPU.Build.0 = Release|Any CPU
	EndGlobalSection
	GlobalSection(SolutionProperties) = preSolution
		HideSolutionNode = FALSE
	EndGlobalSection
	GlobalSection(ExtensibilityGlobals) = postSolution
		SolutionGuid = {CF9737E9-403F-461B-89F5-696D9300E9DB}
	EndGlobalSection
EndGlobal
